
Microsoft Visual Studio Solution File, Format Version 12.00
# Visual Studio 15
VisualStudioVersion = 15.0.27729.1
MinimumVisualStudioVersion = 10.0.40219.1
Project("{9A19103F-16F7-4668-BE54-9A1E7A4F7556}") = "CoreCRMNorthwindSemantic", "CoreCRMNorthwindSemantic\CoreCRMNorthwindSemantic.csproj", "{D7DCAD7E-30DC-4E17-8E59-14AC72B26B51}"
EndProject
Project("{FAE04EC0-301F-11D3-BF4B-00C04F79EFBC}") = "CoreCRMNorthwindSemantic_DataLayer", "CoreCRMNorthwindSemantic_DataLayer\CoreCRMNorthwindSemantic_DataLayer.csproj", "{EF2CE114-56E2-49B9-A571-D0F2E0040F23}"
EndProject
Global
	GlobalSection(SolutionConfigurationPlatforms) = preSolution
		Debug|Any CPU = Debug|Any CPU
		Release|Any CPU = Release|Any CPU
	EndGlobalSection
	GlobalSection(ProjectConfigurationPlatforms) = postSolution
		{D7DCAD7E-30DC-4E17-8E59-14AC72B26B51}.Debug|Any CPU.ActiveCfg = Debug|Any CPU
		{D7DCAD7E-30DC-4E17-8E59-14AC72B26B51}.Debug|Any CPU.Build.0 = Debug|Any CPU
		{D7DCAD7E-30DC-4E17-8E59-14AC72B26B51}.Release|Any CPU.ActiveCfg = Release|Any CPU
		{D7DCAD7E-30DC-4E17-8E59-14AC72B26B51}.Release|Any CPU.Build.0 = Release|Any CPU
		{EF2CE114-56E2-49B9-A571-D0F2E0040F23}.Debug|Any CPU.ActiveCfg = Debug|Any CPU
		{EF2CE114-56E2-49B9-A571-D0F2E0040F23}.Debug|Any CPU.Build.0 = Debug|Any CPU
		{EF2CE114-56E2-49B9-A571-D0F2E0040F23}.Release|Any CPU.ActiveCfg = Release|Any CPU
		{EF2CE114-56E2-49B9-A571-D0F2E0040F23}.Release|Any CPU.Build.0 = Release|Any CPU
	EndGlobalSection
	GlobalSection(SolutionProperties) = preSolution
		HideSolutionNode = FALSE
	EndGlobalSection
	GlobalSection(ExtensibilityGlobals) = postSolution
		SolutionGuid = {A557F9DB-C18E-45D0-B25F-BBBCCF3337CC}
	EndGlobalSection
EndGlobal
